
Microsoft Visual Studio Solution File, Format Version 12.00
# Visual Studio Version 17
VisualStudioVersion = 17.4.33122.133
MinimumVisualStudioVersion = 10.0.40219.1
Project("{FAE04EC0-301F-11D3-BF4B-00C04F79EFBC}") = "CapenexisLeaners", "CapenexisLeaners.csproj", "{52AC8D44-6B74-4B2A-B39E-EFC25225D035}"
EndProject
Global
	GlobalSection(SolutionConfigurationPlatforms) = preSolution
		Debug|Any CPU = Debug|Any CPU
		Release|Any CPU = Release|Any CPU
	EndGlobalSection
	GlobalSection(ProjectConfigurationPlatforms) = postSolution
		{52AC8D44-6B74-4B2A-B39E-EFC25225D035}.Debug|Any CPU.ActiveCfg = Debug|Any CPU
		{52AC8D44-6B74-4B2A-B39E-EFC25225D035}.Debug|Any CPU.Build.0 = Debug|Any CPU
		{52AC8D44-6B74-4B2A-B39E-EFC25225D035}.Release|Any CPU.ActiveCfg = Release|Any CPU
		{52AC8D44-6B74-4B2A-B39E-EFC25225D035}.Release|Any CPU.Build.0 = Release|Any CPU
	EndGlobalSection
	GlobalSection(SolutionProperties) = preSolution
		HideSolutionNode = FALSE
	EndGlobalSection
	GlobalSection(ExtensibilityGlobals) = postSolution
		SolutionGuid = {289278B6-F94E-4E80-9776-509216F1EA3C}
	EndGlobalSection
EndGlobal
